{
  "version": 1,
  "dependencies": {
    "net10.0-windows7.0": {
      "DalamudPackager": {
        "type": "Direct",
        "requested": "[15.0.0, )",
        "resolved": "15.0.0",
        "contentHash": "411vwC8/X8Z/sQ2TI6v3SvOn66xFPeOjFn3Zn+h0d3Ox2t1kFm66AhDvmx/qcMwVrR+Hidxj0dadpQ2dgyXMBQ=="
      },
      "DotNet.ReproducibleBuilds": {
        "type": "Direct",
        "requested": "[1.2.39, )",
        "resolved": "1.2.39",
        "contentHash": "fcFN01tDTIQqDuTwr1jUQK/geofiwjG5DycJQOnC72i1SsLAk1ELe+apBOuZ11UMQG8YKFZG1FgvjZPbqHyatg=="
      },
      "Flurl.Http": {
        "type": "Direct",
        "requested": "[3.2.4, )",
        "resolved": "3.2.4",
        "contentHash": "Me9Vm4Lm21vt/pbR0G2Dww/ZOjJgh6mB2FiH28aiUYStJD10ZecDp8jxg2zKxcy6lnkvLm99pjG4yC/k7a/d8w==",
        "dependencies": {
          "Flurl": "3.0.6",
          "Newtonsoft.Json": "12.0.2"
        }
      },
      "Flurl": {
        "type": "Transitive",
        "resolved": "3.0.6",
        "contentHash": "XMIlB/tJ4nTYF2+79xDsnnlgbXHpKyizKX2fffrECekI6pEsa9MSLzf5tPVMdLy4k4AcJPLs356Sa2Le5VRDCw=="
      },
      "Newtonsoft.Json": {
        "type": "Transitive",
        "resolved": "12.0.2",
        "contentHash": "rTK0s2EKlfHsQsH6Yx2smvcTCeyoDNgCW7FEYyV01drPlh2T243PR2DiDXqtC5N4GDm4Ma/lkxfW5a/4793vbA=="
      }
    }
  }
}